// !$*UTF8*$!
{
	archiveVersion = 1;
	classes = {
	};
	objectVersion = 46;
	objects = {

/* Begin PBXBuildFile section */
		0033C70FA4D3429294871696 /* libPods.a in Frameworks */ = {isa = PBXBuildFile; fileRef = FC3189032EF04735B935B927 /* libPods.a */; };
		EC04657C1713BB84001B39B2 /* UIKit.framework in Frameworks */ = {isa = PBXBuildFile; fileRef = EC04657B1713BB84001B39B2 /* UIKit.framework */; };
		EC04657E1713BB84001B39B2 /* Foundation.framework in Frameworks */ = {isa = PBXBuildFile; fileRef = EC04657D1713BB84001B39B2 /* Foundation.framework */; };
		EC0465801713BB84001B39B2 /* CoreGraphics.framework in Frameworks */ = {isa = PBXBuildFile; fileRef = EC04657F1713BB84001B39B2 /* CoreGraphics.framework */; };
		EC0465861713BB84001B39B2 /* InfoPlist.strings in Resources */ = {isa = PBXBuildFile; fileRef = EC0465841713BB84001B39B2 /* InfoPlist.strings */; };
		EC0465881713BB84001B39B2 /* main.m in Sources */ = {isa = PBXBuildFile; fileRef = EC0465871713BB84001B39B2 /* main.m */; };
		EC04658C1713BB84001B39B2 /* AppDelegate.m in Sources */ = {isa = PBXBuildFile; fileRef = EC04658B1713BB84001B39B2 /* AppDelegate.m */; };
		EC04658E1713BB84001B39B2 /* Default.png in Resources */ = {isa = PBXBuildFile; fileRef = EC04658D1713BB84001B39B2 /* Default.png */; };
		EC0465901713BB84001B39B2 /* Default@2x.png in Resources */ = {isa = PBXBuildFile; fileRef = EC04658F1713BB84001B39B2 /* Default@2x.png */; };
		EC0465921713BB84001B39B2 /* Default-568h@2x.png in Resources */ = {isa = PBXBuildFile; fileRef = EC0465911713BB84001B39B2 /* Default-568h@2x.png */; };
		EC0465951713BB84001B39B2 /* MainViewController.m in Sources */ = {isa = PBXBuildFile; fileRef = EC0465941713BB84001B39B2 /* MainViewController.m */; };
		EC0465981713BB84001B39B2 /* FlipsideViewController.m in Sources */ = {isa = PBXBuildFile; fileRef = EC0465971713BB84001B39B2 /* FlipsideViewController.m */; };
		EC04659B1713BB84001B39B2 /* MainViewController.xib in Resources */ = {isa = PBXBuildFile; fileRef = EC0465991713BB84001B39B2 /* MainViewController.xib */; };
		EC04659E1713BB84001B39B2 /* FlipsideViewController.xib in Resources */ = {isa = PBXBuildFile; fileRef = EC04659C1713BB84001B39B2 /* FlipsideViewController.xib */; };
		EC1BCBBF17F268C7002D9F77 /* Icon-120.png in Resources */ = {isa = PBXBuildFile; fileRef = EC1BCBB117F268C7002D9F77 /* Icon-120.png */; };
		EC1BCBC017F268C7002D9F77 /* Icon-120@2x.png in Resources */ = {isa = PBXBuildFile; fileRef = EC1BCBB217F268C7002D9F77 /* Icon-120@2x.png */; };
		EC1BCBC117F268C7002D9F77 /* Icon-72.png in Resources */ = {isa = PBXBuildFile; fileRef = EC1BCBB317F268C7002D9F77 /* Icon-72.png */; };
		EC1BCBC217F268C7002D9F77 /* Icon-72@2x.png in Resources */ = {isa = PBXBuildFile; fileRef = EC1BCBB417F268C7002D9F77 /* Icon-72@2x.png */; };
		EC1BCBC317F268C7002D9F77 /* Icon-80.png in Resources */ = {isa = PBXBuildFile; fileRef = EC1BCBB517F268C7002D9F77 /* Icon-80.png */; };
		EC1BCBC417F268C7002D9F77 /* Icon-80@2x.png in Resources */ = {isa = PBXBuildFile; fileRef = EC1BCBB617F268C7002D9F77 /* Icon-80@2x.png */; };
		EC1BCBC517F268C7002D9F77 /* Icon-Small-50.png in Resources */ = {isa = PBXBuildFile; fileRef = EC1BCBB717F268C7002D9F77 /* Icon-Small-50.png */; };
		EC1BCBC617F268C7002D9F77 /* Icon-Small-50@2x.png in Resources */ = {isa = PBXBuildFile; fileRef = EC1BCBB817F268C7002D9F77 /* Icon-Small-50@2x.png */; };
		EC1BCBC717F268C7002D9F77 /* Icon-Small.png in Resources */ = {isa = PBXBuildFile; fileRef = EC1BCBB917F268C7002D9F77 /* Icon-Small.png */; };
		EC1BCBC817F268C7002D9F77 /* Icon-Small@2x.png in Resources */ = {isa = PBXBuildFile; fileRef = EC1BCBBA17F268C7002D9F77 /* Icon-Small@2x.png */; };
		EC1BCBC917F268C7002D9F77 /* Icon.png in Resources */ = {isa = PBXBuildFile; fileRef = EC1BCBBB17F268C7002D9F77 /* Icon.png */; };
		EC1BCBCA17F268C7002D9F77 /* Icon@2x.png in Resources */ = {isa = PBXBuildFile; fileRef = EC1BCBBC17F268C7002D9F77 /* Icon@2x.png */; };
		EC1BCBCB17F268C7002D9F77 /* iTunesArtwork.png in Resources */ = {isa = PBXBuildFile; fileRef = EC1BCBBD17F268C7002D9F77 /* iTunesArtwork.png */; };
		EC1BCBCC17F268C7002D9F77 /* iTunesArtwork@2x.png in Resources */ = {isa = PBXBuildFile; fileRef = EC1BCBBE17F268C7002D9F77 /* iTunesArtwork@2x.png */; };
		EC1C2CE21720CC3F009FED9C /* config@2x.png in Resources */ = {isa = PBXBuildFile; fileRef = EC1C2CE11720CC3F009FED9C /* config@2x.png */; };
		EC1C2CE517210452009FED9C /* SqliteAccess.m in Sources */ = {isa = PBXBuildFile; fileRef = EC1C2CE417210452009FED9C /* SqliteAccess.m */; };
		EC22BC8E1728F1E700586493 /* done@2x.png in Resources */ = {isa = PBXBuildFile; fileRef = EC22BC8C1728F1E700586493 /* done@2x.png */; };
		EC22BC8F1728F1E700586493 /* edit@2x.png in Resources */ = {isa = PBXBuildFile; fileRef = EC22BC8D1728F1E700586493 /* edit@2x.png */; };
		EC22BC9217291C4B00586493 /* LogItem.m in Sources */ = {isa = PBXBuildFile; fileRef = EC22BC9117291C4B00586493 /* LogItem.m */; };
		EC4C58C918AB795600FD9507 /* GloabalUI.m in Sources */ = {isa = PBXBuildFile; fileRef = EC4C58C818AB795600FD9507 /* GloabalUI.m */; };
		EC5BB9E118AC4F650007DB31 /* GlobalNavigationController.m in Sources */ = {isa = PBXBuildFile; fileRef = EC5BB9E018AC4F650007DB31 /* GlobalNavigationController.m */; };
		EC77D9B6171FC20B00E65EC6 /* GoalViewController.m in Sources */ = {isa = PBXBuildFile; fileRef = EC77D9B4171FC20B00E65EC6 /* GoalViewController.m */; };
		EC77D9B7171FC20B00E65EC6 /* GoalViewController.xib in Resources */ = {isa = PBXBuildFile; fileRef = EC77D9B5171FC20B00E65EC6 /* GoalViewController.xib */; };
		EC77D9BE171FDC7100E65EC6 /* input@2x.png in Resources */ = {isa = PBXBuildFile; fileRef = EC77D9BC171FDC7100E65EC6 /* input@2x.png */; };
		EC7BCA87171B986F00602364 /* backButton@2x.png in Resources */ = {isa = PBXBuildFile; fileRef = EC7BCA86171B986F00602364 /* backButton@2x.png */; };
		ECA616D61717A0A200B118A0 /* libsqlite3.dylib in Frameworks */ = {isa = PBXBuildFile; fileRef = ECA616D51717A0A200B118A0 /* libsqlite3.dylib */; };
		ECE533A017169F88004414B1 /* list@2x.png in Resources */ = {isa = PBXBuildFile; fileRef = ECE5339E17169F88004414B1 /* list@2x.png */; };
		ECE533A117169F88004414B1 /* tick@2x.png in Resources */ = {isa = PBXBuildFile; fileRef = ECE5339F17169F88004414B1 /* tick@2x.png */; };
		ECEFED6F1713E7BF00335E9E /* QuartzCore.framework in Frameworks */ = {isa = PBXBuildFile; fileRef = ECEFED6E1713E7BF00335E9E /* QuartzCore.framework */; };
/* End PBXBuildFile section */

/* Begin PBXFileReference section */
		BDC35829F41C4616A2927264 /* Pods.xcconfig */ = {isa = PBXFileReference; includeInIndex = 1; lastKnownFileType = text.xcconfig; name = Pods.xcconfig; path = Pods/Pods.xcconfig; sourceTree = "<group>"; };
		EC0465781713BB84001B39B2 /* everyday.app */ = {isa = PBXFileReference; explicitFileType = wrapper.application; includeInIndex = 0; path = everyday.app; sourceTree = BUILT_PRODUCTS_DIR; };
		EC04657B1713BB84001B39B2 /* UIKit.framework */ = {isa = PBXFileReference; lastKnownFileType = wrapper.framework; name = UIKit.framework; path = System/Library/Frameworks/UIKit.framework; sourceTree = SDKROOT; };
		EC04657D1713BB84001B39B2 /* Foundation.framework */ = {isa = PBXFileReference; lastKnownFileType = wrapper.framework; name = Foundation.framework; path = System/Library/Frameworks/Foundation.framework; sourceTree = SDKROOT; };
		EC04657F1713BB84001B39B2 /* CoreGraphics.framework */ = {isa = PBXFileReference; lastKnownFileType = wrapper.framework; name = CoreGraphics.framework; path = System/Library/Frameworks/CoreGraphics.framework; sourceTree = SDKROOT; };
		EC0465831713BB84001B39B2 /* DoItEveryDay-Info.plist */ = {isa = PBXFileReference; lastKnownFileType = text.plist.xml; path = "DoItEveryDay-Info.plist"; sourceTree = "<group>"; };
		EC0465851713BB84001B39B2 /* en */ = {isa = PBXFileReference; lastKnownFileType = text.plist.strings; name = en; path = en.lproj/InfoPlist.strings; sourceTree = "<group>"; };
		EC0465871713BB84001B39B2 /* main.m */ = {isa = PBXFileReference; lastKnownFileType = sourcecode.c.objc; path = main.m; sourceTree = "<group>"; };
		EC0465891713BB84001B39B2 /* DoItEveryDay-Prefix.pch */ = {isa = PBXFileReference; lastKnownFileType = sourcecode.c.h; path = "DoItEveryDay-Prefix.pch"; sourceTree = "<group>"; };
		EC04658A1713BB84001B39B2 /* AppDelegate.h */ = {isa = PBXFileReference; lastKnownFileType = sourcecode.c.h; path = AppDelegate.h; sourceTree = "<group>"; };
		EC04658B1713BB84001B39B2 /* AppDelegate.m */ = {isa = PBXFileReference; lastKnownFileType = sourcecode.c.objc; path = AppDelegate.m; sourceTree = "<group>"; };
		EC04658D1713BB84001B39B2 /* Default.png */ = {isa = PBXFileReference; lastKnownFileType = image.png; path = Default.png; sourceTree = "<group>"; };
		EC04658F1713BB84001B39B2 /* Default@2x.png */ = {isa = PBXFileReference; lastKnownFileType = image.png; path = "Default@2x.png"; sourceTree = "<group>"; };
		EC0465911713BB84001B39B2 /* Default-568h@2x.png */ = {isa = PBXFileReference; lastKnownFileType = image.png; path = "Default-568h@2x.png"; sourceTree = "<group>"; };
		EC0465931713BB84001B39B2 /* MainViewController.h */ = {isa = PBXFileReference; lastKnownFileType = sourcecode.c.h; path = MainViewController.h; sourceTree = "<group>"; };
		EC0465941713BB84001B39B2 /* MainViewController.m */ = {isa = PBXFileReference; lastKnownFileType = sourcecode.c.objc; path = MainViewController.m; sourceTree = "<group>"; };
		EC0465961713BB84001B39B2 /* FlipsideViewController.h */ = {isa = PBXFileReference; lastKnownFileType = sourcecode.c.h; path = FlipsideViewController.h; sourceTree = "<group>"; };
		EC0465971713BB84001B39B2 /* FlipsideViewController.m */ = {isa = PBXFileReference; lastKnownFileType = sourcecode.c.objc; path = FlipsideViewController.m; sourceTree = "<group>"; };
		EC04659A1713BB84001B39B2 /* en */ = {isa = PBXFileReference; lastKnownFileType = file.xib; name = en; path = en.lproj/MainViewController.xib; sourceTree = "<group>"; };
		EC04659D1713BB84001B39B2 /* en */ = {isa = PBXFileReference; lastKnownFileType = file.xib; name = en; path = en.lproj/FlipsideViewController.xib; sourceTree = "<group>"; };
		EC1BCBB117F268C7002D9F77 /* Icon-120.png */ = {isa = PBXFileReference; lastKnownFileType = image.png; path = "Icon-120.png"; sourceTree = "<group>"; };
		EC1BCBB217F268C7002D9F77 /* Icon-120@2x.png */ = {isa = PBXFileReference; lastKnownFileType = image.png; path = "Icon-120@2x.png"; sourceTree = "<group>"; };
		EC1BCBB317F268C7002D9F77 /* Icon-72.png */ = {isa = PBXFileReference; lastKnownFileType = image.png; path = "Icon-72.png"; sourceTree = "<group>"; };
		EC1BCBB417F268C7002D9F77 /* Icon-72@2x.png */ = {isa = PBXFileReference; lastKnownFileType = image.png; path = "Icon-72@2x.png"; sourceTree = "<group>"; };
		EC1BCBB517F268C7002D9F77 /* Icon-80.png */ = {isa = PBXFileReference; lastKnownFileType = image.png; path = "Icon-80.png"; sourceTree = "<group>"; };
		EC1BCBB617F268C7002D9F77 /* Icon-80@2x.png */ = {isa = PBXFileReference; lastKnownFileType = image.png; path = "Icon-80@2x.png"; sourceTree = "<group>"; };
		EC1BCBB717F268C7002D9F77 /* Icon-Small-50.png */ = {isa = PBXFileReference; lastKnownFileType = image.png; path = "Icon-Small-50.png"; sourceTree = "<group>"; };
		EC1BCBB817F268C7002D9F77 /* Icon-Small-50@2x.png */ = {isa = PBXFileReference; lastKnownFileType = image.png; path = "Icon-Small-50@2x.png"; sourceTree = "<group>"; };
		EC1BCBB917F268C7002D9F77 /* Icon-Small.png */ = {isa = PBXFileReference; lastKnownFileType = image.png; path = "Icon-Small.png"; sourceTree = "<group>"; };
		EC1BCBBA17F268C7002D9F77 /* Icon-Small@2x.png */ = {isa = PBXFileReference; lastKnownFileType = image.png; path = "Icon-Small@2x.png"; sourceTree = "<group>"; };
		EC1BCBBB17F268C7002D9F77 /* Icon.png */ = {isa = PBXFileReference; lastKnownFileType = image.png; path = Icon.png; sourceTree = "<group>"; };
		EC1BCBBC17F268C7002D9F77 /* Icon@2x.png */ = {isa = PBXFileReference; lastKnownFileType = image.png; path = "Icon@2x.png"; sourceTree = "<group>"; };
		EC1BCBBD17F268C7002D9F77 /* iTunesArtwork.png */ = {isa = PBXFileReference; lastKnownFileType = image.png; path = iTunesArtwork.png; sourceTree = "<group>"; };
		EC1BCBBE17F268C7002D9F77 /* iTunesArtwork@2x.png */ = {isa = PBXFileReference; lastKnownFileType = image.png; path = "iTunesArtwork@2x.png"; sourceTree = "<group>"; };
		EC1C2CE11720CC3F009FED9C /* config@2x.png */ = {isa = PBXFileReference; lastKnownFileType = image.png; name = "config@2x.png"; path = "Resources/config@2x.png"; sourceTree = "<group>"; };
		EC1C2CE317210452009FED9C /* SqliteAccess.h */ = {isa = PBXFileReference; fileEncoding = 4; lastKnownFileType = sourcecode.c.h; path = SqliteAccess.h; sourceTree = "<group>"; };
		EC1C2CE417210452009FED9C /* SqliteAccess.m */ = {isa = PBXFileReference; fileEncoding = 4; lastKnownFileType = sourcecode.c.objc; path = SqliteAccess.m; sourceTree = "<group>"; };
		EC22BC8C1728F1E700586493 /* done@2x.png */ = {isa = PBXFileReference; lastKnownFileType = image.png; name = "done@2x.png"; path = "Resources/done@2x.png"; sourceTree = "<group>"; };
		EC22BC8D1728F1E700586493 /* edit@2x.png */ = {isa = PBXFileReference; lastKnownFileType = image.png; name = "edit@2x.png"; path = "Resources/edit@2x.png"; sourceTree = "<group>"; };
		EC22BC9017291C4B00586493 /* LogItem.h */ = {isa = PBXFileReference; fileEncoding = 4; lastKnownFileType = sourcecode.c.h; path = LogItem.h; sourceTree = "<group>"; };
		EC22BC9117291C4B00586493 /* LogItem.m */ = {isa = PBXFileReference; fileEncoding = 4; lastKnownFileType = sourcecode.c.objc; path = LogItem.m; sourceTree = "<group>"; };
		EC4C58C718AB795600FD9507 /* GloabalUI.h */ = {isa = PBXFileReference; fileEncoding = 4; lastKnownFileType = sourcecode.c.h; path = GloabalUI.h; sourceTree = "<group>"; };
		EC4C58C818AB795600FD9507 /* GloabalUI.m */ = {isa = PBXFileReference; fileEncoding = 4; lastKnownFileType = sourcecode.c.objc; path = GloabalUI.m; sourceTree = "<group>"; };
		EC5BB9DF18AC4F650007DB31 /* GlobalNavigationController.h */ = {isa = PBXFileReference; fileEncoding = 4; lastKnownFileType = sourcecode.c.h; path = GlobalNavigationController.h; sourceTree = "<group>"; };
		EC5BB9E018AC4F650007DB31 /* GlobalNavigationController.m */ = {isa = PBXFileReference; fileEncoding = 4; lastKnownFileType = sourcecode.c.objc; path = GlobalNavigationController.m; sourceTree = "<group>"; };
		EC77D9B3171FC20B00E65EC6 /* GoalViewController.h */ = {isa = PBXFileReference; fileEncoding = 4; lastKnownFileType = sourcecode.c.h; path = GoalViewController.h; sourceTree = "<group>"; };
		EC77D9B4171FC20B00E65EC6 /* GoalViewController.m */ = {isa = PBXFileReference; fileEncoding = 4; lastKnownFileType = sourcecode.c.objc; path = GoalViewController.m; sourceTree = "<group>"; };
		EC77D9B5171FC20B00E65EC6 /* GoalViewController.xib */ = {isa = PBXFileReference; fileEncoding = 4; lastKnownFileType = file.xib; path = GoalViewController.xib; sourceTree = "<group>"; };
		EC77D9BC171FDC7100E65EC6 /* input@2x.png */ = {isa = PBXFileReference; lastKnownFileType = image.png; name = "input@2x.png"; path = "Resources/input@2x.png"; sourceTree = "<group>"; };
		EC7BCA86171B986F00602364 /* backButton@2x.png */ = {isa = PBXFileReference; lastKnownFileType = image.png; name = "backButton@2x.png"; path = "Resources/backButton@2x.png"; sourceTree = "<group>"; };
		ECA616D51717A0A200B118A0 /* libsqlite3.dylib */ = {isa = PBXFileReference; lastKnownFileType = "compiled.mach-o.dylib"; name = libsqlite3.dylib; path = usr/lib/libsqlite3.dylib; sourceTree = SDKROOT; };
		ECE5339E17169F88004414B1 /* list@2x.png */ = {isa = PBXFileReference; lastKnownFileType = image.png; name = "list@2x.png"; path = "Resources/list@2x.png"; sourceTree = "<group>"; };
		ECE5339F17169F88004414B1 /* tick@2x.png */ = {isa = PBXFileReference; lastKnownFileType = image.png; name = "tick@2x.png"; path = "Resources/tick@2x.png"; sourceTree = "<group>"; };
		ECEFED6E1713E7BF00335E9E /* QuartzCore.framework */ = {isa = PBXFileReference; lastKnownFileType = wrapper.framework; name = QuartzCore.framework; path = System/Library/Frameworks/QuartzCore.framework; sourceTree = SDKROOT; };
		FC3189032EF04735B935B927 /* libPods.a */ = {isa = PBXFileReference; explicitFileType = archive.ar; includeInIndex = 0; path = libPods.a; sourceTree = BUILT_PRODUCTS_DIR; };
/* End PBXFileReference section */

/* Begin PBXFrameworksBuildPhase section */
		EC0465751713BB84001B39B2 /* Frameworks */ = {
			isa = PBXFrameworksBuildPhase;
			buildActionMask = 2147483647;
			files = (
				ECA616D61717A0A200B118A0 /* libsqlite3.dylib in Frameworks */,
				ECEFED6F1713E7BF00335E9E /* QuartzCore.framework in Frameworks */,
				EC04657C1713BB84001B39B2 /* UIKit.framework in Frameworks */,
				EC04657E1713BB84001B39B2 /* Foundation.framework in Frameworks */,
				EC0465801713BB84001B39B2 /* CoreGraphics.framework in Frameworks */,
				0033C70FA4D3429294871696 /* libPods.a in Frameworks */,
			);
			runOnlyForDeploymentPostprocessing = 0;
		};
/* End PBXFrameworksBuildPhase section */

/* Begin PBXGroup section */
		EC04656F1713BB84001B39B2 = {
			isa = PBXGroup;
			children = (
				ECA616D51717A0A200B118A0 /* libsqlite3.dylib */,
				ECEFED6E1713E7BF00335E9E /* QuartzCore.framework */,
				EC0465811713BB84001B39B2 /* DoItEveryDay */,
				EC04657A1713BB84001B39B2 /* Frameworks */,
				EC0465791713BB84001B39B2 /* Products */,
				BDC35829F41C4616A2927264 /* Pods.xcconfig */,
			);
			sourceTree = "<group>";
		};
		EC0465791713BB84001B39B2 /* Products */ = {
			isa = PBXGroup;
			children = (
				EC0465781713BB84001B39B2 /* everyday.app */,
			);
			name = Products;
			sourceTree = "<group>";
		};
		EC04657A1713BB84001B39B2 /* Frameworks */ = {
			isa = PBXGroup;
			children = (
				EC04657B1713BB84001B39B2 /* UIKit.framework */,
				EC04657D1713BB84001B39B2 /* Foundation.framework */,
				EC04657F1713BB84001B39B2 /* CoreGraphics.framework */,
				FC3189032EF04735B935B927 /* libPods.a */,
			);
			name = Frameworks;
			sourceTree = "<group>";
		};
		EC0465811713BB84001B39B2 /* DoItEveryDay */ = {
			isa = PBXGroup;
			children = (
				EC9231C2172A0CED00F65FC8 /* DataAccess */,
				EC9231C1172A0CC700F65FC8 /* ViewController */,
				EC9231C0172A0CB200F65FC8 /* Modal */,
				EC9FCB24171557E9008CD7E9 /* Resources */,
				EC04658A1713BB84001B39B2 /* AppDelegate.h */,
				EC04658B1713BB84001B39B2 /* AppDelegate.m */,
				EC0465821713BB84001B39B2 /* Supporting Files */,
			);
			path = DoItEveryDay;
			sourceTree = "<group>";
		};
		EC0465821713BB84001B39B2 /* Supporting Files */ = {
			isa = PBXGroup;
			children = (
				EC0465831713BB84001B39B2 /* DoItEveryDay-Info.plist */,
				EC0465841713BB84001B39B2 /* InfoPlist.strings */,
				EC0465871713BB84001B39B2 /* main.m */,
				EC0465891713BB84001B39B2 /* DoItEveryDay-Prefix.pch */,
				EC04658D1713BB84001B39B2 /* Default.png */,
				EC04658F1713BB84001B39B2 /* Default@2x.png */,
				EC0465911713BB84001B39B2 /* Default-568h@2x.png */,
			);
			name = "Supporting Files";
			sourceTree = "<group>";
		};
		EC1BCBB017F268C7002D9F77 /* icon */ = {
			isa = PBXGroup;
			children = (
				EC1BCBB117F268C7002D9F77 /* Icon-120.png */,
				EC1BCBB217F268C7002D9F77 /* Icon-120@2x.png */,
				EC1BCBB317F268C7002D9F77 /* Icon-72.png */,
				EC1BCBB417F268C7002D9F77 /* Icon-72@2x.png */,
				EC1BCBB517F268C7002D9F77 /* Icon-80.png */,
				EC1BCBB617F268C7002D9F77 /* Icon-80@2x.png */,
				EC1BCBB717F268C7002D9F77 /* Icon-Small-50.png */,
				EC1BCBB817F268C7002D9F77 /* Icon-Small-50@2x.png */,
				EC1BCBB917F268C7002D9F77 /* Icon-Small.png */,
				EC1BCBBA17F268C7002D9F77 /* Icon-Small@2x.png */,
				EC1BCBBB17F268C7002D9F77 /* Icon.png */,
				EC1BCBBC17F268C7002D9F77 /* Icon@2x.png */,
				EC1BCBBD17F268C7002D9F77 /* iTunesArtwork.png */,
				EC1BCBBE17F268C7002D9F77 /* iTunesArtwork@2x.png */,
			);
			path = icon;
			sourceTree = "<group>";
		};
		EC9231C0172A0CB200F65FC8 /* Modal */ = {
			isa = PBXGroup;
			children = (
				EC22BC9017291C4B00586493 /* LogItem.h */,
				EC22BC9117291C4B00586493 /* LogItem.m */,
			);
			name = Modal;
			sourceTree = "<group>";
		};
		EC9231C1172A0CC700F65FC8 /* ViewController */ = {
			isa = PBXGroup;
			children = (
				EC4C58C718AB795600FD9507 /* GloabalUI.h */,
				EC4C58C818AB795600FD9507 /* GloabalUI.m */,
				EC5BB9DF18AC4F650007DB31 /* GlobalNavigationController.h */,
				EC5BB9E018AC4F650007DB31 /* GlobalNavigationController.m */,
				EC0465931713BB84001B39B2 /* MainViewController.h */,
				EC0465941713BB84001B39B2 /* MainViewController.m */,
				EC0465991713BB84001B39B2 /* MainViewController.xib */,
				EC0465961713BB84001B39B2 /* FlipsideViewController.h */,
				EC0465971713BB84001B39B2 /* FlipsideViewController.m */,
				EC04659C1713BB84001B39B2 /* FlipsideViewController.xib */,
				EC77D9B3171FC20B00E65EC6 /* GoalViewController.h */,
				EC77D9B4171FC20B00E65EC6 /* GoalViewController.m */,
				EC77D9B5171FC20B00E65EC6 /* GoalViewController.xib */,
			);
			name = ViewController;
			sourceTree = "<group>";
		};
		EC9231C2172A0CED00F65FC8 /* DataAccess */ = {
			isa = PBXGroup;
			children = (
				EC1C2CE317210452009FED9C /* SqliteAccess.h */,
				EC1C2CE417210452009FED9C /* SqliteAccess.m */,
			);
			name = DataAccess;
			sourceTree = "<group>";
		};
		EC9FCB24171557E9008CD7E9 /* Resources */ = {
			isa = PBXGroup;
			children = (
				EC1BCBB017F268C7002D9F77 /* icon */,
				EC22BC8C1728F1E700586493 /* done@2x.png */,
				EC22BC8D1728F1E700586493 /* edit@2x.png */,
				EC1C2CE11720CC3F009FED9C /* config@2x.png */,
				EC77D9BC171FDC7100E65EC6 /* input@2x.png */,
				EC7BCA86171B986F00602364 /* backButton@2x.png */,
				ECE5339E17169F88004414B1 /* list@2x.png */,
				ECE5339F17169F88004414B1 /* tick@2x.png */,
			);
			name = Resources;
			sourceTree = "<group>";
		};
/* End PBXGroup section */

/* Begin PBXNativeTarget section */
		EC0465771713BB84001B39B2 /* DoItEveryDay */ = {
			isa = PBXNativeTarget;
			buildConfigurationList = EC0465A11713BB84001B39B2 /* Build configuration list for PBXNativeTarget "DoItEveryDay" */;
			buildPhases = (
				D229124BC4294E868C154415 /* Check Pods Manifest.lock */,
				EC0465741713BB84001B39B2 /* Sources */,
				EC0465751713BB84001B39B2 /* Frameworks */,
				EC0465761713BB84001B39B2 /* Resources */,
				84DB6D273BF542E29CEEF2B9 /* Copy Pods Resources */,
			);
			buildRules = (
			);
			dependencies = (
			);
			name = DoItEveryDay;
			productName = DoItEveryDay;
			productReference = EC0465781713BB84001B39B2 /* everyday.app */;
			productType = "com.apple.product-type.application";
		};
/* End PBXNativeTarget section */

/* Begin PBXProject section */
		EC0465701713BB84001B39B2 /* Project object */ = {
			isa = PBXProject;
			attributes = {
				LastUpgradeCheck = 0460;
				ORGANIZATIONNAME = "张 智超";
			};
			buildConfigurationList = EC0465731713BB84001B39B2 /* Build configuration list for PBXProject "DoItEveryDay" */;
			compatibilityVersion = "Xcode 3.2";
			developmentRegion = English;
			hasScannedForEncodings = 0;
			knownRegions = (
				en,
			);
			mainGroup = EC04656F1713BB84001B39B2;
			productRefGroup = EC0465791713BB84001B39B2 /* Products */;
			projectDirPath = "";
			projectRoot = "";
			targets = (
				EC0465771713BB84001B39B2 /* DoItEveryDay */,
			);
		};
/* End PBXProject section */

/* Begin PBXResourcesBuildPhase section */
		EC0465761713BB84001B39B2 /* Resources */ = {
			isa = PBXResourcesBuildPhase;
			buildActionMask = 2147483647;
			files = (
				EC0465861713BB84001B39B2 /* InfoPlist.strings in Resources */,
				EC04658E1713BB84001B39B2 /* Default.png in Resources */,
				EC1BCBC617F268C7002D9F77 /* Icon-Small-50@2x.png in Resources */,
				EC1BCBC217F268C7002D9F77 /* Icon-72@2x.png in Resources */,
				EC0465901713BB84001B39B2 /* Default@2x.png in Resources */,
				EC0465921713BB84001B39B2 /* Default-568h@2x.png in Resources */,
				EC1BCBC317F268C7002D9F77 /* Icon-80.png in Resources */,
				EC04659B1713BB84001B39B2 /* MainViewController.xib in Resources */,
				EC1BCBC717F268C7002D9F77 /* Icon-Small.png in Resources */,
				EC04659E1713BB84001B39B2 /* FlipsideViewController.xib in Resources */,
				EC1BCBCC17F268C7002D9F77 /* iTunesArtwork@2x.png in Resources */,
				EC1BCBC417F268C7002D9F77 /* Icon-80@2x.png in Resources */,
				EC1BCBCA17F268C7002D9F77 /* Icon@2x.png in Resources */,
				EC1BCBC817F268C7002D9F77 /* Icon-Small@2x.png in Resources */,
				EC1BCBC917F268C7002D9F77 /* Icon.png in Resources */,
				EC1BCBC117F268C7002D9F77 /* Icon-72.png in Resources */,
				ECE533A017169F88004414B1 /* list@2x.png in Resources */,
				ECE533A117169F88004414B1 /* tick@2x.png in Resources */,
				EC7BCA87171B986F00602364 /* backButton@2x.png in Resources */,
				EC77D9B7171FC20B00E65EC6 /* GoalViewController.xib in Resources */,
				EC1BCBC517F268C7002D9F77 /* Icon-Small-50.png in Resources */,
				EC77D9BE171FDC7100E65EC6 /* input@2x.png in Resources */,
				EC1BCBCB17F268C7002D9F77 /* iTunesArtwork.png in Resources */,
				EC1C2CE21720CC3F009FED9C /* config@2x.png in Resources */,
				EC22BC8E1728F1E700586493 /* done@2x.png in Resources */,
				EC1BCBC017F268C7002D9F77 /* Icon-120@2x.png in Resources */,
				EC1BCBBF17F268C7002D9F77 /* Icon-120.png in Resources */,
				EC22BC8F1728F1E700586493 /* edit@2x.png in Resources */,
			);
			runOnlyForDeploymentPostprocessing = 0;
		};
/* End PBXResourcesBuildPhase section */

/* Begin PBXShellScriptBuildPhase section */
		84DB6D273BF542E29CEEF2B9 /* Copy Pods Resources */ = {
			isa = PBXShellScriptBuildPhase;
			buildActionMask = 2147483647;
			files = (
			);
			inputPaths = (
			);
			name = "Copy Pods Resources";
			outputPaths = (
			);
			runOnlyForDeploymentPostprocessing = 0;
			shellPath = /bin/sh;
			shellScript = "\"${SRCROOT}/Pods/Pods-resources.sh\"\n";
			showEnvVarsInLog = 0;
		};
		D229124BC4294E868C154415 /* Check Pods Manifest.lock */ = {
			isa = PBXShellScriptBuildPhase;
			buildActionMask = 2147483647;
			files = (
			);
			inputPaths = (
			);
			name = "Check Pods Manifest.lock";
			outputPaths = (
			);
			runOnlyForDeploymentPostprocessing = 0;
			shellPath = /bin/sh;
			shellScript = "diff \"${PODS_ROOT}/../Podfile.lock\" \"${PODS_ROOT}/Manifest.lock\" > /dev/null\nif [[ $? != 0 ]] ; then\n    cat << EOM\nerror: The sandbox is not in sync with the Podfile.lock. Run 'pod install' or update your CocoaPods installation.\nEOM\n    exit 1\nfi\n";
			showEnvVarsInLog = 0;
		};
/* End PBXShellScriptBuildPhase section */

/* Begin PBXSourcesBuildPhase section */
		EC0465741713BB84001B39B2 /* Sources */ = {
			isa = PBXSourcesBuildPhase;
			buildActionMask = 2147483647;
			files = (
				EC0465881713BB84001B39B2 /* main.m in Sources */,
				EC04658C1713BB84001B39B2 /* AppDelegate.m in Sources */,
				EC0465951713BB84001B39B2 /* MainViewController.m in Sources */,
				EC0465981713BB84001B39B2 /* FlipsideViewController.m in Sources */,
				EC4C58C918AB795600FD9507 /* GloabalUI.m in Sources */,
				EC77D9B6171FC20B00E65EC6 /* GoalViewController.m in Sources */,
				EC1C2CE517210452009FED9C /* SqliteAccess.m in Sources */,
				EC5BB9E118AC4F650007DB31 /* GlobalNavigationController.m in Sources */,
				EC22BC9217291C4B00586493 /* LogItem.m in Sources */,
			);
			runOnlyForDeploymentPostprocessing = 0;
		};
/* End PBXSourcesBuildPhase section */

/* Begin PBXVariantGroup section */
		EC0465841713BB84001B39B2 /* InfoPlist.strings */ = {
			isa = PBXVariantGroup;
			children = (
				EC0465851713BB84001B39B2 /* en */,
			);
			name = InfoPlist.strings;
			sourceTree = "<group>";
		};
		EC0465991713BB84001B39B2 /* MainViewController.xib */ = {
			isa = PBXVariantGroup;
			children = (
				EC04659A1713BB84001B39B2 /* en */,
			);
			name = MainViewController.xib;
			sourceTree = "<group>";
		};
		EC04659C1713BB84001B39B2 /* FlipsideViewController.xib */ = {
			isa = PBXVariantGroup;
			children = (
				EC04659D1713BB84001B39B2 /* en */,
			);
			name = FlipsideViewController.xib;
			sourceTree = "<group>";
		};
/* End PBXVariantGroup section */

/* Begin XCBuildConfiguration section */
		EC04659F1713BB84001B39B2 /* Debug */ = {
			isa = XCBuildConfiguration;
			buildSettings = {
				ALWAYS_SEARCH_USER_PATHS = NO;
				CLANG_CXX_LANGUAGE_STANDARD = "gnu++0x";
				CLANG_CXX_LIBRARY = "libc++";
				CLANG_ENABLE_OBJC_ARC = YES;
				CLANG_WARN_CONSTANT_CONVERSION = YES;
				CLANG_WARN_EMPTY_BODY = YES;
				CLANG_WARN_ENUM_CONVERSION = YES;
				CLANG_WARN_INT_CONVERSION = YES;
				CLANG_WARN__DUPLICATE_METHOD_MATCH = YES;
				"CODE_SIGN_IDENTITY[sdk=iphoneos*]" = "iPhone Developer";
				COPY_PHASE_STRIP = NO;
				GCC_C_LANGUAGE_STANDARD = gnu99;
				GCC_DYNAMIC_NO_PIC = NO;
				GCC_OPTIMIZATION_LEVEL = 0;
				GCC_PREPROCESSOR_DEFINITIONS = (
					"DEBUG=1",
					"$(inherited)",
				);
				GCC_SYMBOLS_PRIVATE_EXTERN = NO;
				GCC_WARN_ABOUT_RETURN_TYPE = YES;
				GCC_WARN_UNINITIALIZED_AUTOS = YES;
				GCC_WARN_UNUSED_VARIABLE = YES;
				IPHONEOS_DEPLOYMENT_TARGET = 6.1;
				ONLY_ACTIVE_ARCH = YES;
				SDKROOT = iphoneos;
			};
			name = Debug;
		};
		EC0465A01713BB84001B39B2 /* Release */ = {
			isa = XCBuildConfiguration;
			buildSettings = {
				ALWAYS_SEARCH_USER_PATHS = NO;
				CLANG_CXX_LANGUAGE_STANDARD = "gnu++0x";
				CLANG_CXX_LIBRARY = "libc++";
				CLANG_ENABLE_OBJC_ARC = YES;
				CLANG_WARN_CONSTANT_CONVERSION = YES;
				CLANG_WARN_EMPTY_BODY = YES;
				CLANG_WARN_ENUM_CONVERSION = YES;
				CLANG_WARN_INT_CONVERSION = YES;
				CLANG_WARN__DUPLICATE_METHOD_MATCH = YES;
				"CODE_SIGN_IDENTITY[sdk=iphoneos*]" = "iPhone Developer";
				COPY_PHASE_STRIP = YES;
				GCC_C_LANGUAGE_STANDARD = gnu99;
				GCC_WARN_ABOUT_RETURN_TYPE = YES;
				GCC_WARN_UNINITIALIZED_AUTOS = YES;
				GCC_WARN_UNUSED_VARIABLE = YES;
				IPHONEOS_DEPLOYMENT_TARGET = 6.1;
				OTHER_CFLAGS = "-DNS_BLOCK_ASSERTIONS=1";
				SDKROOT = iphoneos;
				VALIDATE_PRODUCT = YES;
			};
			name = Release;
		};
		EC0465A21713BB84001B39B2 /* Debug */ = {
			isa = XCBuildConfiguration;
			baseConfigurationReference = BDC35829F41C4616A2927264 /* Pods.xcconfig */;
			buildSettings = {
				GCC_PRECOMPILE_PREFIX_HEADER = YES;
				GCC_PREFIX_HEADER = "DoItEveryDay/DoItEveryDay-Prefix.pch";
				INFOPLIST_FILE = "DoItEveryDay/DoItEveryDay-Info.plist";
				IPHONEOS_DEPLOYMENT_TARGET = 5.0;
				PRODUCT_NAME = everyday;
				WRAPPER_EXTENSION = app;
			};
			name = Debug;
		};
		EC0465A31713BB84001B39B2 /* Release */ = {
			isa = XCBuildConfiguration;
			baseConfigurationReference = BDC35829F41C4616A2927264 /* Pods.xcconfig */;
			buildSettings = {
				GCC_PRECOMPILE_PREFIX_HEADER = YES;
				GCC_PREFIX_HEADER = "DoItEveryDay/DoItEveryDay-Prefix.pch";
				INFOPLIST_FILE = "DoItEveryDay/DoItEveryDay-Info.plist";
				IPHONEOS_DEPLOYMENT_TARGET = 5.0;
				PRODUCT_NAME = everyday;
				WRAPPER_EXTENSION = app;
			};
			name = Release;
		};
/* End XCBuildConfiguration section */

/* Begin XCConfigurationList section */
		EC0465731713BB84001B39B2 /* Build configuration list for PBXProject "DoItEveryDay" */ = {
			isa = XCConfigurationList;
			buildConfigurations = (
				EC04659F1713BB84001B39B2 /* Debug */,
				EC0465A01713BB84001B39B2 /* Release */,
			);
			defaultConfigurationIsVisible = 0;
			defaultConfigurationName = Release;
		};
		EC0465A11713BB84001B39B2 /* Build configuration list for PBXNativeTarget "DoItEveryDay" */ = {
			isa = XCConfigurationList;
			buildConfigurations = (
				EC0465A21713BB84001B39B2 /* Debug */,
				EC0465A31713BB84001B39B2 /* Release */,
			);
			defaultConfigurationIsVisible = 0;
			defaultConfigurationName = Release;
		};
/* End XCConfigurationList section */
	};
	rootObject = EC0465701713BB84001B39B2 /* Project object */;
}
